<?xml version="1.0" encoding="UTF-8" standalone="yes" ?>
<CodeBlocks_project_file>
	<FileVersion major="1" minor="6" />
	<Project>
		<Option title="NeuralNetwork" />
		<Option pch_mode="2" />
		<Option compiler="gcc" />
		<Build>
			<Target title="DebugWin">
				<Option output="bin/DebugWin/NeuralNetwork" prefix_auto="1" extension_auto="1" />
				<Option working_dir="bin/DebugWin/" />
				<Option object_output="obj/DebugWin/" />
				<Option type="1" />
				<Option compiler="gcc" />
				<Compiler>
					<Add option="-g" />
				</Compiler>
			</Target>
			<Target title="ReleaseWin">
				<Option output="bin/ReleaseWin/NeuralNetwork" prefix_auto="1" extension_auto="1" />
				<Option working_dir="bin/ReleaseWin/" />
				<Option object_output="obj/ReleaseWin/" />
				<Option type="1" />
				<Option compiler="gcc" />
				<Compiler>
					<Add option="-O2" />
				</Compiler>
				<Linker>
					<Add option="-s" />
				</Linker>
			</Target>
		</Build>
		<Compiler>
			<Add option="-Wall" />
		</Compiler>
		<Unit filename="custom_math.c">
			<Option compilerVar="CC" />
		</Unit>
		<Unit filename="custom_math.h" />
		<Unit filename="main.c">
			<Option compilerVar="CC" />
		</Unit>
		<Unit filename="mt19937int.c">
			<Option compilerVar="CC" />
		</Unit>
		<Unit filename="mt19937int.h" />
		<Unit filename="neural_network.c">
			<Option compilerVar="CC" />
		</Unit>
		<Unit filename="neural_network.h" />
		<Unit filename="rand.c">
			<Option compilerVar="CC" />
		</Unit>
		<Unit filename="rand.h" />
		<Extensions>
			<DoxyBlocks>
				<comment_style block="0" line="0" />
				<doxyfile_project />
				<doxyfile_build />
				<doxyfile_warnings />
				<doxyfile_output />
				<doxyfile_dot />
				<general />
			</DoxyBlocks>
			<code_completion />
			<envvars />
			<debugger />
			<lib_finder disable_auto="1" />
		</Extensions>
	</Project>
</CodeBlocks_project_file>
