<?xml version="1.0" encoding="UTF-8" standalone="yes" ?>
<CodeBlocks_project_file>
	<FileVersion major="1" minor="6" />
	<Project>
		<Option title="FractalMap" />
		<Option pch_mode="2" />
		<Option compiler="gcc" />
		<Build>
			<Target title="DebugWin">
				<Option output="bin/DebugWin/FractalMap" prefix_auto="1" extension_auto="1" />
				<Option working_dir="bin/DebugWin/" />
				<Option object_output="obj/DebugWin/" />
				<Option type="0" />
				<Option compiler="gcc" />
				<Compiler>
					<Add option="-Wunreachable-code" />
					<Add option="-Wmissing-include-dirs" />
					<Add option="-Wswitch-default" />
					<Add option="-Wextra" />
					<Add option="-Wall" />
					<Add option="-g" />
				</Compiler>
				<Linker>
					<Add option="-lmingw32 -lSDL2main -lSDL2 -lwinmm -lSDL2_image" />
				</Linker>
			</Target>
			<Target title="ReleaseWin">
				<Option output="bin/ReleaseWin/FractalMap" prefix_auto="1" extension_auto="1" />
				<Option working_dir="bin/ReleaseWin/" />
				<Option object_output="obj/ReleaseWin/" />
				<Option type="0" />
				<Option compiler="gcc" />
				<Compiler>
					<Add option="-fexpensive-optimizations" />
					<Add option="-O3" />
					<Add option="-O2" />
					<Add option="-O1" />
					<Add option="-O" />
					<Add option="-Wextra" />
					<Add option="-Wall" />
				</Compiler>
				<Linker>
					<Add option="-s" />
					<Add option="-lmingw32 -lSDL2main -lSDL2 -lwinmm -lSDL2_image" />
				</Linker>
			</Target>
			<Target title="DebugLinux">
				<Option output="bin/DebugLinux/FractalMap" prefix_auto="1" extension_auto="1" />
				<Option working_dir="bin/DebugLinux/" />
				<Option object_output="obj/DebugLinux/" />
				<Option type="0" />
				<Option compiler="gcc" />
				<Compiler>
					<Add option="-Wunreachable-code" />
					<Add option="-Wmissing-include-dirs" />
					<Add option="-Wswitch-default" />
					<Add option="-Wextra" />
					<Add option="-Wall" />
					<Add option="-g" />
				</Compiler>
				<Linker>
					<Add option="-lSDL2" />
					<Add option="-lSDL2_image" />
				</Linker>
			</Target>
			<Target title="ReleaseLinux">
				<Option output="bin/ReleaseLinux/FractalMap" prefix_auto="1" extension_auto="1" />
				<Option working_dir="bin/ReleaseLinux/" />
				<Option object_output="obj/ReleaseLinux/" />
				<Option type="0" />
				<Option compiler="gcc" />
				<Compiler>
					<Add option="-fexpensive-optimizations" />
					<Add option="-O3" />
					<Add option="-O2" />
					<Add option="-O1" />
					<Add option="-O" />
					<Add option="-Wextra" />
					<Add option="-Wall" />
				</Compiler>
				<Linker>
					<Add option="-s" />
					<Add option="-lSDL2" />
					<Add option="-lSDL2_image" />
				</Linker>
			</Target>
			<Target title="DebugCrossWin32">
				<Option output="bin/DebugCrossWin32/FractalMap" prefix_auto="1" extension_auto="1" />
				<Option working_dir="bin/DebugCrossWin32/" />
				<Option object_output="obj/DebugCrossWin32/" />
				<Option type="0" />
				<Option compiler="windows32" />
				<Compiler>
					<Add option="-Wunreachable-code" />
					<Add option="-Wmissing-include-dirs" />
					<Add option="-Wswitch-default" />
					<Add option="-Wextra" />
					<Add option="-Wall" />
					<Add option="-g" />
				</Compiler>
				<Linker>
					<Add option="-lmingw32" />
					<Add option="-lSDL2main" />
					<Add option="-lSDL2" />
					<Add option="-lwinmm" />
					<Add option="-lSDL2_image" />
				</Linker>
			</Target>
		</Build>
		<Unit filename="block.c">
			<Option compilerVar="CC" />
		</Unit>
		<Unit filename="block.h" />
		<Unit filename="camera.c">
			<Option compilerVar="CC" />
		</Unit>
		<Unit filename="camera.h" />
		<Unit filename="filter.c">
			<Option compilerVar="CC" />
		</Unit>
		<Unit filename="filter.h" />
		<Unit filename="fractile.h" />
		<Unit filename="generation.c">
			<Option compilerVar="CC" />
		</Unit>
		<Unit filename="generation.h" />
		<Unit filename="globals.h" />
		<Unit filename="graphics.c">
			<Option compilerVar="CC" />
		</Unit>
		<Unit filename="graphics.h" />
		<Unit filename="main.c">
			<Option compilerVar="CC" />
		</Unit>
		<Unit filename="mt19937int.c">
			<Option compilerVar="CC" />
		</Unit>
		<Unit filename="mt19937int.h" />
		<Unit filename="my_math.c">
			<Option compilerVar="CC" />
		</Unit>
		<Unit filename="my_math.h" />
		<Unit filename="rand.c">
			<Option compilerVar="CC" />
		</Unit>
		<Unit filename="rand.h" />
		<Unit filename="tree_generation.c">
			<Option compilerVar="CC" />
		</Unit>
		<Unit filename="tree_generation.h" />
		<Unit filename="utilities.c">
			<Option compilerVar="CC" />
		</Unit>
		<Unit filename="utilities.h" />
		<Extensions>
			<code_completion />
			<envvars />
			<debugger />
			<lib_finder disable_auto="1" />
			<DoxyBlocks>
				<comment_style block="0" line="0" />
				<doxyfile_project />
				<doxyfile_build />
				<doxyfile_warnings />
				<doxyfile_output />
				<doxyfile_dot />
				<general />
			</DoxyBlocks>
		</Extensions>
	</Project>
</CodeBlocks_project_file>
